// !$*UTF8*$!
{
	archiveVersion = 1;
	classes = {
	};
	objectVersion = 55;
	objects = {

/* Begin PBXBuildFile section */
		7A057FC427AF126000BC253A /* AppDelegate.swift in Sources */ = {isa = PBXBuildFile; fileRef = 7A057FC327AF126000BC253A /* AppDelegate.swift */; };
		7A057FC627AF126000BC253A /* SceneDelegate.swift in Sources */ = {isa = PBXBuildFile; fileRef = 7A057FC527AF126000BC253A /* SceneDelegate.swift */; };
		7A057FC827AF126000BC253A /* ViewController.swift in Sources */ = {isa = PBXBuildFile; fileRef = 7A057FC727AF126000BC253A /* ViewController.swift */; };
		7A057FCB27AF126000BC253A /* Main.storyboard in Resources */ = {isa = PBXBuildFile; fileRef = 7A057FC927AF126000BC253A /* Main.storyboard */; };
		7A057FCD27AF126200BC253A /* Assets.xcassets in Resources */ = {isa = PBXBuildFile; fileRef = 7A057FCC27AF126200BC253A /* Assets.xcassets */; };
		7A057FD027AF126200BC253A /* LaunchScreen.storyboard in Resources */ = {isa = PBXBuildFile; fileRef = 7A057FCE27AF126200BC253A /* LaunchScreen.storyboard */; };
		7A057FDB27AF126200BC253A /* FlixTests.swift in Sources */ = {isa = PBXBuildFile; fileRef = 7A057FDA27AF126200BC253A /* FlixTests.swift */; };
		7A057FE527AF126200BC253A /* FlixUITests.swift in Sources */ = {isa = PBXBuildFile; fileRef = 7A057FE427AF126200BC253A /* FlixUITests.swift */; };
		7A057FE727AF126200BC253A /* FlixUITestsLaunchTests.swift in Sources */ = {isa = PBXBuildFile; fileRef = 7A057FE627AF126200BC253A /* FlixUITestsLaunchTests.swift */; };
		7A057FF427AF148900BC253A /* MoviesViewController.swift in Sources */ = {isa = PBXBuildFile; fileRef = 7A057FF327AF148900BC253A /* MoviesViewController.swift */; };
		7A057FF627AF1D9900BC253A /* MovieCell.swift in Sources */ = {isa = PBXBuildFile; fileRef = 7A057FF527AF1D9900BC253A /* MovieCell.swift */; };
		7AB214B527B05429003D1B42 /* AlamofireImage in Frameworks */ = {isa = PBXBuildFile; productRef = 7AB214B427B05429003D1B42 /* AlamofireImage */; };
		7AB7A95327B06754000A5315 /* Swift.gitignore in Resources */ = {isa = PBXBuildFile; fileRef = 7AB7A95227B06754000A5315 /* Swift.gitignore */; };
/* End PBXBuildFile section */

/* Begin PBXContainerItemProxy section */
		7A057FD727AF126200BC253A /* PBXContainerItemProxy */ = {
			isa = PBXContainerItemProxy;
			containerPortal = 7A057FB827AF126000BC253A /* Project object */;
			proxyType = 1;
			remoteGlobalIDString = 7A057FBF27AF126000BC253A;
			remoteInfo = Flix;
		};
		7A057FE127AF126200BC253A /* PBXContainerItemProxy */ = {
			isa = PBXContainerItemProxy;
			containerPortal = 7A057FB827AF126000BC253A /* Project object */;
			proxyType = 1;
			remoteGlobalIDString = 7A057FBF27AF126000BC253A;
			remoteInfo = Flix;
		};
/* End PBXContainerItemProxy section */

/* Begin PBXFileReference section */
		7A057FC027AF126000BC253A /* Flix.app */ = {isa = PBXFileReference; explicitFileType = wrapper.application; includeInIndex = 0; path = Flix.app; sourceTree = BUILT_PRODUCTS_DIR; };
		7A057FC327AF126000BC253A /* AppDelegate.swift */ = {isa = PBXFileReference; lastKnownFileType = sourcecode.swift; path = AppDelegate.swift; sourceTree = "<group>"; };
		7A057FC527AF126000BC253A /* SceneDelegate.swift */ = {isa = PBXFileReference; lastKnownFileType = sourcecode.swift; path = SceneDelegate.swift; sourceTree = "<group>"; };
		7A057FC727AF126000BC253A /* ViewController.swift */ = {isa = PBXFileReference; lastKnownFileType = sourcecode.swift; path = ViewController.swift; sourceTree = "<group>"; };
		7A057FCA27AF126000BC253A /* Base */ = {isa = PBXFileReference; lastKnownFileType = file.storyboard; name = Base; path = Base.lproj/Main.storyboard; sourceTree = "<group>"; };
		7A057FCC27AF126200BC253A /* Assets.xcassets */ = {isa = PBXFileReference; lastKnownFileType = folder.assetcatalog; path = Assets.xcassets; sourceTree = "<group>"; };
		7A057FCF27AF126200BC253A /* Base */ = {isa = PBXFileReference; lastKnownFileType = file.storyboard; name = Base; path = Base.lproj/LaunchScreen.storyboard; sourceTree = "<group>"; };
		7A057FD127AF126200BC253A /* Info.plist */ = {isa = PBXFileReference; lastKnownFileType = text.plist.xml; path = Info.plist; sourceTree = "<group>"; };
		7A057FD627AF126200BC253A /* FlixTests.xctest */ = {isa = PBXFileReference; explicitFileType = wrapper.cfbundle; includeInIndex = 0; path = FlixTests.xctest; sourceTree = BUILT_PRODUCTS_DIR; };
		7A057FDA27AF126200BC253A /* FlixTests.swift */ = {isa = PBXFileReference; lastKnownFileType = sourcecode.swift; path = FlixTests.swift; sourceTree = "<group>"; };
		7A057FE027AF126200BC253A /* FlixUITests.xctest */ = {isa = PBXFileReference; explicitFileType = wrapper.cfbundle; includeInIndex = 0; path = FlixUITests.xctest; sourceTree = BUILT_PRODUCTS_DIR; };
		7A057FE427AF126200BC253A /* FlixUITests.swift */ = {isa = PBXFileReference; lastKnownFileType = sourcecode.swift; path = FlixUITests.swift; sourceTree = "<group>"; };
		7A057FE627AF126200BC253A /* FlixUITestsLaunchTests.swift */ = {isa = PBXFileReference; lastKnownFileType = sourcecode.swift; path = FlixUITestsLaunchTests.swift; sourceTree = "<group>"; };
		7A057FF327AF148900BC253A /* MoviesViewController.swift */ = {isa = PBXFileReference; explicitFileType = sourcecode.swift; path = MoviesViewController.swift; sourceTree = "<group>"; };
		7A057FF527AF1D9900BC253A /* MovieCell.swift */ = {isa = PBXFileReference; lastKnownFileType = sourcecode.swift; path = MovieCell.swift; sourceTree = "<group>"; };
		7AB7A95227B06754000A5315 /* Swift.gitignore */ = {isa = PBXFileReference; lastKnownFileType = text; path = Swift.gitignore; sourceTree = "<group>"; };
/* End PBXFileReference section */

/* Begin PBXFrameworksBuildPhase section */
		7A057FBD27AF126000BC253A /* Frameworks */ = {
			isa = PBXFrameworksBuildPhase;
			buildActionMask = 2147483647;
			files = (
				7AB214B527B05429003D1B42 /* AlamofireImage in Frameworks */,
			);
			runOnlyForDeploymentPostprocessing = 0;
		};
		7A057FD327AF126200BC253A /* Frameworks */ = {
			isa = PBXFrameworksBuildPhase;
			buildActionMask = 2147483647;
			files = (
			);
			runOnlyForDeploymentPostprocessing = 0;
		};
		7A057FDD27AF126200BC253A /* Frameworks */ = {
			isa = PBXFrameworksBuildPhase;
			buildActionMask = 2147483647;
			files = (
			);
			runOnlyForDeploymentPostprocessing = 0;
		};
/* End PBXFrameworksBuildPhase section */

/* Begin PBXGroup section */
		7A057FB727AF126000BC253A = {
			isa = PBXGroup;
			children = (
				7A057FC227AF126000BC253A /* Flix */,
				7A057FD927AF126200BC253A /* FlixTests */,
				7A057FE327AF126200BC253A /* FlixUITests */,
				7A057FC127AF126000BC253A /* Products */,
			);
			sourceTree = "<group>";
		};
		7A057FC127AF126000BC253A /* Products */ = {
			isa = PBXGroup;
			children = (
				7A057FC027AF126000BC253A /* Flix.app */,
				7A057FD627AF126200BC253A /* FlixTests.xctest */,
				7A057FE027AF126200BC253A /* FlixUITests.xctest */,
			);
			name = Products;
			sourceTree = "<group>";
		};
		7A057FC227AF126000BC253A /* Flix */ = {
			isa = PBXGroup;
			children = (
				7A057FC327AF126000BC253A /* AppDelegate.swift */,
				7A057FC527AF126000BC253A /* SceneDelegate.swift */,
				7A057FC727AF126000BC253A /* ViewController.swift */,
				7A057FC927AF126000BC253A /* Main.storyboard */,
				7AB7A95227B06754000A5315 /* Swift.gitignore */,
				7A057FCC27AF126200BC253A /* Assets.xcassets */,
				7A057FCE27AF126200BC253A /* LaunchScreen.storyboard */,
				7A057FD127AF126200BC253A /* Info.plist */,
				7A057FF327AF148900BC253A /* MoviesViewController.swift */,
				7A057FF527AF1D9900BC253A /* MovieCell.swift */,
			);
			path = Flix;
			sourceTree = "<group>";
		};
		7A057FD927AF126200BC253A /* FlixTests */ = {
			isa = PBXGroup;
			children = (
				7A057FDA27AF126200BC253A /* FlixTests.swift */,
			);
			path = FlixTests;
			sourceTree = "<group>";
		};
		7A057FE327AF126200BC253A /* FlixUITests */ = {
			isa = PBXGroup;
			children = (
				7A057FE427AF126200BC253A /* FlixUITests.swift */,
				7A057FE627AF126200BC253A /* FlixUITestsLaunchTests.swift */,
			);
			path = FlixUITests;
			sourceTree = "<group>";
		};
/* End PBXGroup section */

/* Begin PBXNativeTarget section */
		7A057FBF27AF126000BC253A /* Flix */ = {
			isa = PBXNativeTarget;
			buildConfigurationList = 7A057FEA27AF126200BC253A /* Build configuration list for PBXNativeTarget "Flix" */;
			buildPhases = (
				7A057FBC27AF126000BC253A /* Sources */,
				7A057FBD27AF126000BC253A /* Frameworks */,
				7A057FBE27AF126000BC253A /* Resources */,
			);
			buildRules = (
			);
			dependencies = (
			);
			name = Flix;
			packageProductDependencies = (
				7AB214B427B05429003D1B42 /* AlamofireImage */,
			);
			productName = Flix;
			productReference = 7A057FC027AF126000BC253A /* Flix.app */;
			productType = "com.apple.product-type.application";
		};
		7A057FD527AF126200BC253A /* FlixTests */ = {
			isa = PBXNativeTarget;
			buildConfigurationList = 7A057FED27AF126200BC253A /* Build configuration list for PBXNativeTarget "FlixTests" */;
			buildPhases = (
				7A057FD227AF126200BC253A /* Sources */,
				7A057FD327AF126200BC253A /* Frameworks */,
				7A057FD427AF126200BC253A /* Resources */,
			);
			buildRules = (
			);
			dependencies = (
				7A057FD827AF126200BC253A /* PBXTargetDependency */,
			);
			name = FlixTests;
			productName = FlixTests;
			productReference = 7A057FD627AF126200BC253A /* FlixTests.xctest */;
			productType = "com.apple.product-type.bundle.unit-test";
		};
		7A057FDF27AF126200BC253A /* FlixUITests */ = {
			isa = PBXNativeTarget;
			buildConfigurationList = 7A057FF027AF126200BC253A /* Build configuration list for PBXNativeTarget "FlixUITests" */;
			buildPhases = (
				7A057FDC27AF126200BC253A /* Sources */,
				7A057FDD27AF126200BC253A /* Frameworks */,
				7A057FDE27AF126200BC253A /* Resources */,
			);
			buildRules = (
			);
			dependencies = (
				7A057FE227AF126200BC253A /* PBXTargetDependency */,
			);
			name = FlixUITests;
			productName = FlixUITests;
			productReference = 7A057FE027AF126200BC253A /* FlixUITests.xctest */;
			productType = "com.apple.product-type.bundle.ui-testing";
		};
/* End PBXNativeTarget section */

/* Begin PBXProject section */
		7A057FB827AF126000BC253A /* Project object */ = {
			isa = PBXProject;
			attributes = {
				BuildIndependentTargetsInParallel = 1;
				LastSwiftUpdateCheck = 1320;
				LastUpgradeCheck = 1320;
				TargetAttributes = {
					7A057FBF27AF126000BC253A = {
						CreatedOnToolsVersion = 13.2.1;
					};
					7A057FD527AF126200BC253A = {
						CreatedOnToolsVersion = 13.2.1;
						TestTargetID = 7A057FBF27AF126000BC253A;
					};
					7A057FDF27AF126200BC253A = {
						CreatedOnToolsVersion = 13.2.1;
						TestTargetID = 7A057FBF27AF126000BC253A;
					};
				};
			};
			buildConfigurationList = 7A057FBB27AF126000BC253A /* Build configuration list for PBXProject "Flix" */;
			compatibilityVersion = "Xcode 13.0";
			developmentRegion = en;
			hasScannedForEncodings = 0;
			knownRegions = (
				en,
				Base,
			);
			mainGroup = 7A057FB727AF126000BC253A;
			packageReferences = (
				7AB214B327B05429003D1B42 /* XCRemoteSwiftPackageReference "AlamofireImage" */,
			);
			productRefGroup = 7A057FC127AF126000BC253A /* Products */;
			projectDirPath = "";
			projectRoot = "";
			targets = (
				7A057FBF27AF126000BC253A /* Flix */,
				7A057FD527AF126200BC253A /* FlixTests */,
				7A057FDF27AF126200BC253A /* FlixUITests */,
			);
		};
/* End PBXProject section */

/* Begin PBXResourcesBuildPhase section */
		7A057FBE27AF126000BC253A /* Resources */ = {
			isa = PBXResourcesBuildPhase;
			buildActionMask = 2147483647;
			files = (
				7A057FD027AF126200BC253A /* LaunchScreen.storyboard in Resources */,
				7A057FCD27AF126200BC253A /* Assets.xcassets in Resources */,
				7AB7A95327B06754000A5315 /* Swift.gitignore in Resources */,
				7A057FCB27AF126000BC253A /* Main.storyboard in Resources */,
			);
			runOnlyForDeploymentPostprocessing = 0;
		};
		7A057FD427AF126200BC253A /* Resources */ = {
			isa = PBXResourcesBuildPhase;
			buildActionMask = 2147483647;
			files = (
			);
			runOnlyForDeploymentPostprocessing = 0;
		};
		7A057FDE27AF126200BC253A /* Resources */ = {
			isa = PBXResourcesBuildPhase;
			buildActionMask = 2147483647;
			files = (
			);
			runOnlyForDeploymentPostprocessing = 0;
		};
/* End PBXResourcesBuildPhase section */

/* Begin PBXSourcesBuildPhase section */
		7A057FBC27AF126000BC253A /* Sources */ = {
			isa = PBXSourcesBuildPhase;
			buildActionMask = 2147483647;
			files = (
				7A057FC827AF126000BC253A /* ViewController.swift in Sources */,
				7A057FC427AF126000BC253A /* AppDelegate.swift in Sources */,
				7A057FC627AF126000BC253A /* SceneDelegate.swift in Sources */,
				7A057FF627AF1D9900BC253A /* MovieCell.swift in Sources */,
				7A057FF427AF148900BC253A /* MoviesViewController.swift in Sources */,
			);
			runOnlyForDeploymentPostprocessing = 0;
		};
		7A057FD227AF126200BC253A /* Sources */ = {
			isa = PBXSourcesBuildPhase;
			buildActionMask = 2147483647;
			files = (
				7A057FDB27AF126200BC253A /* FlixTests.swift in Sources */,
			);
			runOnlyForDeploymentPostprocessing = 0;
		};
		7A057FDC27AF126200BC253A /* Sources */ = {
			isa = PBXSourcesBuildPhase;
			buildActionMask = 2147483647;
			files = (
				7A057FE527AF126200BC253A /* FlixUITests.swift in Sources */,
				7A057FE727AF126200BC253A /* FlixUITestsLaunchTests.swift in Sources */,
			);
			runOnlyForDeploymentPostprocessing = 0;
		};
/* End PBXSourcesBuildPhase section */

/* Begin PBXTargetDependency section */
		7A057FD827AF126200BC253A /* PBXTargetDependency */ = {
			isa = PBXTargetDependency;
			target = 7A057FBF27AF126000BC253A /* Flix */;
			targetProxy = 7A057FD727AF126200BC253A /* PBXContainerItemProxy */;
		};
		7A057FE227AF126200BC253A /* PBXTargetDependency */ = {
			isa = PBXTargetDependency;
			target = 7A057FBF27AF126000BC253A /* Flix */;
			targetProxy = 7A057FE127AF126200BC253A /* PBXContainerItemProxy */;
		};
/* End PBXTargetDependency section */

/* Begin PBXVariantGroup section */
		7A057FC927AF126000BC253A /* Main.storyboard */ = {
			isa = PBXVariantGroup;
			children = (
				7A057FCA27AF126000BC253A /* Base */,
			);
			name = Main.storyboard;
			sourceTree = "<group>";
		};
		7A057FCE27AF126200BC253A /* LaunchScreen.storyboard */ = {
			isa = PBXVariantGroup;
			children = (
				7A057FCF27AF126200BC253A /* Base */,
			);
			name = LaunchScreen.storyboard;
			sourceTree = "<group>";
		};
/* End PBXVariantGroup section */

/* Begin XCBuildConfiguration section */
		7A057FE827AF126200BC253A /* Debug */ = {
			isa = XCBuildConfiguration;
			buildSettings = {
				ALWAYS_SEARCH_USER_PATHS = NO;
				CLANG_ANALYZER_NONNULL = YES;
				CLANG_ANALYZER_NUMBER_OBJECT_CONVERSION = YES_AGGRESSIVE;
				CLANG_CXX_LANGUAGE_STANDARD = "gnu++17";
				CLANG_CXX_LIBRARY = "libc++";
				CLANG_ENABLE_MODULES = YES;
				CLANG_ENABLE_OBJC_ARC = YES;
				CLANG_ENABLE_OBJC_WEAK = YES;
				CLANG_WARN_BLOCK_CAPTURE_AUTORELEASING = YES;
				CLANG_WARN_BOOL_CONVERSION = YES;
				CLANG_WARN_COMMA = YES;
				CLANG_WARN_CONSTANT_CONVERSION = YES;
				CLANG_WARN_DEPRECATED_OBJC_IMPLEMENTATIONS = YES;
				CLANG_WARN_DIRECT_OBJC_ISA_USAGE = YES_ERROR;
				CLANG_WARN_DOCUMENTATION_COMMENTS = YES;
				CLANG_WARN_EMPTY_BODY = YES;
				CLANG_WARN_ENUM_CONVERSION = YES;
				CLANG_WARN_INFINITE_RECURSION = YES;
				CLANG_WARN_INT_CONVERSION = YES;
				CLANG_WARN_NON_LITERAL_NULL_CONVERSION = YES;
				CLANG_WARN_OBJC_IMPLICIT_RETAIN_SELF = YES;
				CLANG_WARN_OBJC_LITERAL_CONVERSION = YES;
				CLANG_WARN_OBJC_ROOT_CLASS = YES_ERROR;
				CLANG_WARN_QUOTED_INCLUDE_IN_FRAMEWORK_HEADER = YES;
				CLANG_WARN_RANGE_LOOP_ANALYSIS = YES;
				CLANG_WARN_STRICT_PROTOTYPES = YES;
				CLANG_WARN_SUSPICIOUS_MOVE = YES;
				CLANG_WARN_UNGUARDED_AVAILABILITY = YES_AGGRESSIVE;
				CLANG_WARN_UNREACHABLE_CODE = YES;
				CLANG_WARN__DUPLICATE_METHOD_MATCH = YES;
				COPY_PHASE_STRIP = NO;
				DEBUG_INFORMATION_FORMAT = dwarf;
				ENABLE_STRICT_OBJC_MSGSEND = YES;
				ENABLE_TESTABILITY = YES;
				GCC_C_LANGUAGE_STANDARD = gnu11;
				GCC_DYNAMIC_NO_PIC = NO;
				GCC_NO_COMMON_BLOCKS = YES;
				GCC_OPTIMIZATION_LEVEL = 0;
				GCC_PREPROCESSOR_DEFINITIONS = (
					"DEBUG=1",
					"$(inherited)",
				);
				GCC_WARN_64_TO_32_BIT_CONVERSION = YES;
				GCC_WARN_ABOUT_RETURN_TYPE = YES_ERROR;
				GCC_WARN_UNDECLARED_SELECTOR = YES;
				GCC_WARN_UNINITIALIZED_AUTOS = YES_AGGRESSIVE;
				GCC_WARN_UNUSED_FUNCTION = YES;
				GCC_WARN_UNUSED_VARIABLE = YES;
				IPHONEOS_DEPLOYMENT_TARGET = 15.2;
				MTL_ENABLE_DEBUG_INFO = INCLUDE_SOURCE;
				MTL_FAST_MATH = YES;
				ONLY_ACTIVE_ARCH = YES;
				SDKROOT = iphoneos;
				SWIFT_ACTIVE_COMPILATION_CONDITIONS = DEBUG;
				SWIFT_OPTIMIZATION_LEVEL = "-Onone";
			};
			name = Debug;
		};
		7A057FE927AF126200BC253A /* Release */ = {
			isa = XCBuildConfiguration;
			buildSettings = {
				ALWAYS_SEARCH_USER_PATHS = NO;
				CLANG_ANALYZER_NONNULL = YES;
				CLANG_ANALYZER_NUMBER_OBJECT_CONVERSION = YES_AGGRESSIVE;
				CLANG_CXX_LANGUAGE_STANDARD = "gnu++17";
				CLANG_CXX_LIBRARY = "libc++";
				CLANG_ENABLE_MODULES = YES;
				CLANG_ENABLE_OBJC_ARC = YES;
				CLANG_ENABLE_OBJC_WEAK = YES;
				CLANG_WARN_BLOCK_CAPTURE_AUTORELEASING = YES;
				CLANG_WARN_BOOL_CONVERSION = YES;
				CLANG_WARN_COMMA = YES;
				CLANG_WARN_CONSTANT_CONVERSION = YES;
				CLANG_WARN_DEPRECATED_OBJC_IMPLEMENTATIONS = YES;
				CLANG_WARN_DIRECT_OBJC_ISA_USAGE = YES_ERROR;
				CLANG_WARN_DOCUMENTATION_COMMENTS = YES;
				CLANG_WARN_EMPTY_BODY = YES;
				CLANG_WARN_ENUM_CONVERSION = YES;
				CLANG_WARN_INFINITE_RECURSION = YES;
				CLANG_WARN_INT_CONVERSION = YES;
				CLANG_WARN_NON_LITERAL_NULL_CONVERSION = YES;
				CLANG_WARN_OBJC_IMPLICIT_RETAIN_SELF = YES;
				CLANG_WARN_OBJC_LITERAL_CONVERSION = YES;
				CLANG_WARN_OBJC_ROOT_CLASS = YES_ERROR;
				CLANG_WARN_QUOTED_INCLUDE_IN_FRAMEWORK_HEADER = YES;
				CLANG_WARN_RANGE_LOOP_ANALYSIS = YES;
				CLANG_WARN_STRICT_PROTOTYPES = YES;
				CLANG_WARN_SUSPICIOUS_MOVE = YES;
				CLANG_WARN_UNGUARDED_AVAILABILITY = YES_AGGRESSIVE;
				CLANG_WARN_UNREACHABLE_CODE = YES;
				CLANG_WARN__DUPLICATE_METHOD_MATCH = YES;
				COPY_PHASE_STRIP = NO;
				DEBUG_INFORMATION_FORMAT = "dwarf-with-dsym";
				ENABLE_NS_ASSERTIONS = NO;
				ENABLE_STRICT_OBJC_MSGSEND = YES;
				GCC_C_LANGUAGE_STANDARD = gnu11;
				GCC_NO_COMMON_BLOCKS = YES;
				GCC_WARN_64_TO_32_BIT_CONVERSION = YES;
				GCC_WARN_ABOUT_RETURN_TYPE = YES_ERROR;
				GCC_WARN_UNDECLARED_SELECTOR = YES;
				GCC_WARN_UNINITIALIZED_AUTOS = YES_AGGRESSIVE;
				GCC_WARN_UNUSED_FUNCTION = YES;
				GCC_WARN_UNUSED_VARIABLE = YES;
				IPHONEOS_DEPLOYMENT_TARGET = 15.2;
				MTL_ENABLE_DEBUG_INFO = NO;
				MTL_FAST_MATH = YES;
				SDKROOT = iphoneos;
				SWIFT_COMPILATION_MODE = wholemodule;
				SWIFT_OPTIMIZATION_LEVEL = "-O";
				VALIDATE_PRODUCT = YES;
			};
			name = Release;
		};
		7A057FEB27AF126200BC253A /* Debug */ = {
			isa = XCBuildConfiguration;
			buildSettings = {
				ASSETCATALOG_COMPILER_APPICON_NAME = AppIcon;
				ASSETCATALOG_COMPILER_GLOBAL_ACCENT_COLOR_NAME = AccentColor;
				CODE_SIGN_STYLE = Automatic;
				CURRENT_PROJECT_VERSION = 1;
				GENERATE_INFOPLIST_FILE = YES;
				INFOPLIST_FILE = Flix/Info.plist;
				INFOPLIST_KEY_UIApplicationSupportsIndirectInputEvents = YES;
				INFOPLIST_KEY_UILaunchStoryboardName = LaunchScreen;
				INFOPLIST_KEY_UIMainStoryboardFile = Main;
				INFOPLIST_KEY_UISupportedInterfaceOrientations_iPad = "UIInterfaceOrientationPortrait UIInterfaceOrientationPortraitUpsideDown UIInterfaceOrientationLandscapeLeft UIInterfaceOrientationLandscapeRight";
				INFOPLIST_KEY_UISupportedInterfaceOrientations_iPhone = "UIInterfaceOrientationPortrait UIInterfaceOrientationLandscapeLeft UIInterfaceOrientationLandscapeRight";
				LD_RUNPATH_SEARCH_PATHS = (
					"$(inherited)",
					"@executable_path/Frameworks",
				);
				MARKETING_VERSION = 1.0;
				PRODUCT_BUNDLE_IDENTIFIER = edu.vassar.codepath.Flix;
				PRODUCT_NAME = "$(TARGET_NAME)";
				SWIFT_EMIT_LOC_STRINGS = YES;
				SWIFT_VERSION = 5.0;
				TARGETED_DEVICE_FAMILY = "1,2";
			};
			name = Debug;
		};
		7A057FEC27AF126200BC253A /* Release */ = {
			isa = XCBuildConfiguration;
			buildSettings = {
				ASSETCATALOG_COMPILER_APPICON_NAME = AppIcon;
				ASSETCATALOG_COMPILER_GLOBAL_ACCENT_COLOR_NAME = AccentColor;
				CODE_SIGN_STYLE = Automatic;
				CURRENT_PROJECT_VERSION = 1;
				GENERATE_INFOPLIST_FILE = YES;
				INFOPLIST_FILE = Flix/Info.plist;
				INFOPLIST_KEY_UIApplicationSupportsIndirectInputEvents = YES;
				INFOPLIST_KEY_UILaunchStoryboardName = LaunchScreen;
				INFOPLIST_KEY_UIMainStoryboardFile = Main;
				INFOPLIST_KEY_UISupportedInterfaceOrientations_iPad = "UIInterfaceOrientationPortrait UIInterfaceOrientationPortraitUpsideDown UIInterfaceOrientationLandscapeLeft UIInterfaceOrientationLandscapeRight";
				INFOPLIST_KEY_UISupportedInterfaceOrientations_iPhone = "UIInterfaceOrientationPortrait UIInterfaceOrientationLandscapeLeft UIInterfaceOrientationLandscapeRight";
				LD_RUNPATH_SEARCH_PATHS = (
					"$(inherited)",
					"@executable_path/Frameworks",
				);
				MARKETING_VERSION = 1.0;
				PRODUCT_BUNDLE_IDENTIFIER = edu.vassar.codepath.Flix;
				PRODUCT_NAME = "$(TARGET_NAME)";
				SWIFT_EMIT_LOC_STRINGS = YES;
				SWIFT_VERSION = 5.0;
				TARGETED_DEVICE_FAMILY = "1,2";
			};
			name = Release;
		};
		7A057FEE27AF126200BC253A /* Debug */ = {
			isa = XCBuildConfiguration;
			buildSettings = {
				ALWAYS_EMBED_SWIFT_STANDARD_LIBRARIES = YES;
				BUNDLE_LOADER = "$(TEST_HOST)";
				CODE_SIGN_STYLE = Automatic;
				CURRENT_PROJECT_VERSION = 1;
				GENERATE_INFOPLIST_FILE = YES;
				IPHONEOS_DEPLOYMENT_TARGET = 15.2;
				MARKETING_VERSION = 1.0;
				PRODUCT_BUNDLE_IDENTIFIER = edu.vassar.codepath.FlixTests;
				PRODUCT_NAME = "$(TARGET_NAME)";
				SWIFT_EMIT_LOC_STRINGS = NO;
				SWIFT_VERSION = 5.0;
				TARGETED_DEVICE_FAMILY = "1,2";
				TEST_HOST = "$(BUILT_PRODUCTS_DIR)/Flix.app/Flix";
			};
			name = Debug;
		};
		7A057FEF27AF126200BC253A /* Release */ = {
			isa = XCBuildConfiguration;
			buildSettings = {
				ALWAYS_EMBED_SWIFT_STANDARD_LIBRARIES = YES;
				BUNDLE_LOADER = "$(TEST_HOST)";
				CODE_SIGN_STYLE = Automatic;
				CURRENT_PROJECT_VERSION = 1;
				GENERATE_INFOPLIST_FILE = YES;
				IPHONEOS_DEPLOYMENT_TARGET = 15.2;
				MARKETING_VERSION = 1.0;
				PRODUCT_BUNDLE_IDENTIFIER = edu.vassar.codepath.FlixTests;
				PRODUCT_NAME = "$(TARGET_NAME)";
				SWIFT_EMIT_LOC_STRINGS = NO;
				SWIFT_VERSION = 5.0;
				TARGETED_DEVICE_FAMILY = "1,2";
				TEST_HOST = "$(BUILT_PRODUCTS_DIR)/Flix.app/Flix";
			};
			name = Release;
		};
		7A057FF127AF126200BC253A /* Debug */ = {
			isa = XCBuildConfiguration;
			buildSettings = {
				ALWAYS_EMBED_SWIFT_STANDARD_LIBRARIES = YES;
				CODE_SIGN_STYLE = Automatic;
				CURRENT_PROJECT_VERSION = 1;
				GENERATE_INFOPLIST_FILE = YES;
				MARKETING_VERSION = 1.0;
				PRODUCT_BUNDLE_IDENTIFIER = edu.vassar.codepath.FlixUITests;
				PRODUCT_NAME = "$(TARGET_NAME)";
				SWIFT_EMIT_LOC_STRINGS = NO;
				SWIFT_VERSION = 5.0;
				TARGETED_DEVICE_FAMILY = "1,2";
				TEST_TARGET_NAME = Flix;
			};
			name = Debug;
		};
		7A057FF227AF126200BC253A /* Release */ = {
			isa = XCBuildConfiguration;
			buildSettings = {
				ALWAYS_EMBED_SWIFT_STANDARD_LIBRARIES = YES;
				CODE_SIGN_STYLE = Automatic;
				CURRENT_PROJECT_VERSION = 1;
				GENERATE_INFOPLIST_FILE = YES;
				MARKETING_VERSION = 1.0;
				PRODUCT_BUNDLE_IDENTIFIER = edu.vassar.codepath.FlixUITests;
				PRODUCT_NAME = "$(TARGET_NAME)";
				SWIFT_EMIT_LOC_STRINGS = NO;
				SWIFT_VERSION = 5.0;
				TARGETED_DEVICE_FAMILY = "1,2";
				TEST_TARGET_NAME = Flix;
			};
			name = Release;
		};
/* End XCBuildConfiguration section */

/* Begin XCConfigurationList section */
		7A057FBB27AF126000BC253A /* Build configuration list for PBXProject "Flix" */ = {
			isa = XCConfigurationList;
			buildConfigurations = (
				7A057FE827AF126200BC253A /* Debug */,
				7A057FE927AF126200BC253A /* Release */,
			);
			defaultConfigurationIsVisible = 0;
			defaultConfigurationName = Release;
		};
		7A057FEA27AF126200BC253A /* Build configuration list for PBXNativeTarget "Flix" */ = {
			isa = XCConfigurationList;
			buildConfigurations = (
				7A057FEB27AF126200BC253A /* Debug */,
				7A057FEC27AF126200BC253A /* Release */,
			);
			defaultConfigurationIsVisible = 0;
			defaultConfigurationName = Release;
		};
		7A057FED27AF126200BC253A /* Build configuration list for PBXNativeTarget "FlixTests" */ = {
			isa = XCConfigurationList;
			buildConfigurations = (
				7A057FEE27AF126200BC253A /* Debug */,
				7A057FEF27AF126200BC253A /* Release */,
			);
			defaultConfigurationIsVisible = 0;
			defaultConfigurationName = Release;
		};
		7A057FF027AF126200BC253A /* Build configuration list for PBXNativeTarget "FlixUITests" */ = {
			isa = XCConfigurationList;
			buildConfigurations = (
				7A057FF127AF126200BC253A /* Debug */,
				7A057FF227AF126200BC253A /* Release */,
			);
			defaultConfigurationIsVisible = 0;
			defaultConfigurationName = Release;
		};
/* End XCConfigurationList section */

/* Begin XCRemoteSwiftPackageReference section */
		7AB214B327B05429003D1B42 /* XCRemoteSwiftPackageReference "AlamofireImage" */ = {
			isa = XCRemoteSwiftPackageReference;
			repositoryURL = "https://github.com/Alamofire/AlamofireImage";
			requirement = {
				kind = upToNextMajorVersion;
				minimumVersion = 4.0.0;
			};
		};
/* End XCRemoteSwiftPackageReference section */

/* Begin XCSwiftPackageProductDependency section */
		7AB214B427B05429003D1B42 /* AlamofireImage */ = {
			isa = XCSwiftPackageProductDependency;
			package = 7AB214B327B05429003D1B42 /* XCRemoteSwiftPackageReference "AlamofireImage" */;
			productName = AlamofireImage;
		};
/* End XCSwiftPackageProductDependency section */
	};
	rootObject = 7A057FB827AF126000BC253A /* Project object */;
}
